
Microsoft Visual Studio Solution File, Format Version 12.00
# Visual Studio Version 16
VisualStudioVersion = 16.0.32228.343
MinimumVisualStudioVersion = 10.0.40219.1
Project("{FAE04EC0-301F-11D3-BF4B-00C04F79EFBC}") = "Presentacion", "Presentacion\Presentacion.csproj", "{66EC7000-4909-47EC-B938-31A408D53DF8}"
EndProject
Project("{FAE04EC0-301F-11D3-BF4B-00C04F79EFBC}") = "Domain", "Domain\Domain.csproj", "{E83BDA4D-F97A-45C5-97B2-ADE0CE66F457}"
EndProject
Project("{FAE04EC0-301F-11D3-BF4B-00C04F79EFBC}") = "Infraestructura", "Infraestructura\Infraestructura.csproj", "{2D970D2C-A5D3-4785-BAD8-B85CDA458C8B}"
EndProject
Project("{FAE04EC0-301F-11D3-BF4B-00C04F79EFBC}") = "AppCore", "AppCore\AppCore.csproj", "{1FC85B71-B83D-445E-8F58-2FD290BD4166}"
EndProject
Global
	GlobalSection(SolutionConfigurationPlatforms) = preSolution
		Debug|Any CPU = Debug|Any CPU
		Release|Any CPU = Release|Any CPU
	EndGlobalSection
	GlobalSection(ProjectConfigurationPlatforms) = postSolution
		{66EC7000-4909-47EC-B938-31A408D53DF8}.Debug|Any CPU.ActiveCfg = Debug|Any CPU
		{66EC7000-4909-47EC-B938-31A408D53DF8}.Debug|Any CPU.Build.0 = Debug|Any CPU
		{66EC7000-4909-47EC-B938-31A408D53DF8}.Release|Any CPU.ActiveCfg = Release|Any CPU
		{66EC7000-4909-47EC-B938-31A408D53DF8}.Release|Any CPU.Build.0 = Release|Any CPU
		{E83BDA4D-F97A-45C5-97B2-ADE0CE66F457}.Debug|Any CPU.ActiveCfg = Debug|Any CPU
		{E83BDA4D-F97A-45C5-97B2-ADE0CE66F457}.Debug|Any CPU.Build.0 = Debug|Any CPU
		{E83BDA4D-F97A-45C5-97B2-ADE0CE66F457}.Release|Any CPU.ActiveCfg = Release|Any CPU
		{E83BDA4D-F97A-45C5-97B2-ADE0CE66F457}.Release|Any CPU.Build.0 = Release|Any CPU
		{2D970D2C-A5D3-4785-BAD8-B85CDA458C8B}.Debug|Any CPU.ActiveCfg = Debug|Any CPU
		{2D970D2C-A5D3-4785-BAD8-B85CDA458C8B}.Debug|Any CPU.Build.0 = Debug|Any CPU
		{2D970D2C-A5D3-4785-BAD8-B85CDA458C8B}.Release|Any CPU.ActiveCfg = Release|Any CPU
		{2D970D2C-A5D3-4785-BAD8-B85CDA458C8B}.Release|Any CPU.Build.0 = Release|Any CPU
		{1FC85B71-B83D-445E-8F58-2FD290BD4166}.Debug|Any CPU.ActiveCfg = Debug|Any CPU
		{1FC85B71-B83D-445E-8F58-2FD290BD4166}.Debug|Any CPU.Build.0 = Debug|Any CPU
		{1FC85B71-B83D-445E-8F58-2FD290BD4166}.Release|Any CPU.ActiveCfg = Release|Any CPU
		{1FC85B71-B83D-445E-8F58-2FD290BD4166}.Release|Any CPU.Build.0 = Release|Any CPU
	EndGlobalSection
	GlobalSection(SolutionProperties) = preSolution
		HideSolutionNode = FALSE
	EndGlobalSection
	GlobalSection(ExtensibilityGlobals) = postSolution
		SolutionGuid = {5C7DC3F7-0F06-4A04-877F-C97D2CCB43B2}
	EndGlobalSection
EndGlobal
